
Microsoft Visual Studio Solution File, Format Version 12.00
# Visual Studio Version 17
VisualStudioVersion = 17.0.32112.339
MinimumVisualStudioVersion = 10.0.40219.1
Project("{FAE04EC0-301F-11D3-BF4B-00C04F79EFBC}") = "ConsoleUI", "ConsoleUI\ConsoleUI.csproj", "{A8B2426F-ECA2-4154-A267-5F361C62865B}"
EndProject
Global
	GlobalSection(SolutionConfigurationPlatforms) = preSolution
		Debug|Any CPU = Debug|Any CPU
		Release|Any CPU = Release|Any CPU
	EndGlobalSection
	GlobalSection(ProjectConfigurationPlatforms) = postSolution
		{A8B2426F-ECA2-4154-A267-5F361C62865B}.Debug|Any CPU.ActiveCfg = Debug|Any CPU
		{A8B2426F-ECA2-4154-A267-5F361C62865B}.Debug|Any CPU.Build.0 = Debug|Any CPU
		{A8B2426F-ECA2-4154-A267-5F361C62865B}.Release|Any CPU.ActiveCfg = Release|Any CPU
		{A8B2426F-ECA2-4154-A267-5F361C62865B}.Release|Any CPU.Build.0 = Release|Any CPU
	EndGlobalSection
	GlobalSection(SolutionProperties) = preSolution
		HideSolutionNode = FALSE
	EndGlobalSection
	GlobalSection(ExtensibilityGlobals) = postSolution
		SolutionGuid = {2303BDC6-F25B-4A50-9F57-C475B0AC30AF}
	EndGlobalSection
EndGlobal
